
Microsoft Visual Studio Solution File, Format Version 12.00
# Visual Studio Version 16
VisualStudioVersion = 16.0.29424.173
MinimumVisualStudioVersion = 10.0.40219.1
Project("{9A19103F-16F7-4668-BE54-9A1E7A4F7556}") = "S3", "S3.csproj", "{D3585116-39A3-4CFF-AF65-9B285F3F6C4B}"
EndProject
Global
	GlobalSection(SolutionConfigurationPlatforms) = preSolution
		Debug|Any CPU = Debug|Any CPU
		Release|Any CPU = Release|Any CPU
	EndGlobalSection
	GlobalSection(ProjectConfigurationPlatforms) = postSolution
		{D3585116-39A3-4CFF-AF65-9B285F3F6C4B}.Debug|Any CPU.ActiveCfg = Debug|Any CPU
		{D3585116-39A3-4CFF-AF65-9B285F3F6C4B}.Debug|Any CPU.Build.0 = Debug|Any CPU
		{D3585116-39A3-4CFF-AF65-9B285F3F6C4B}.Release|Any CPU.ActiveCfg = Release|Any CPU
		{D3585116-39A3-4CFF-AF65-9B285F3F6C4B}.Release|Any CPU.Build.0 = Release|Any CPU
	EndGlobalSection
	GlobalSection(SolutionProperties) = preSolution
		HideSolutionNode = FALSE
	EndGlobalSection
	GlobalSection(ExtensibilityGlobals) = postSolution
		SolutionGuid = {8C95C132-0B18-40CB-B9BA-DFE918BA6D7E}
	EndGlobalSection
EndGlobal
